
Microsoft Visual Studio Solution File, Format Version 12.00
# Visual Studio 15
VisualStudioVersion = 15.0.28307.489
MinimumVisualStudioVersion = 10.0.40219.1
Project("{FAE04EC0-301F-11D3-BF4B-00C04F79EFBC}") = "EtecFlix.Android", "EtecFlix\EtecFlix.Android\EtecFlix.Android.csproj", "{50F6EA95-113A-4ECA-BB91-C0BD8DAF282E}"
EndProject
Project("{FAE04EC0-301F-11D3-BF4B-00C04F79EFBC}") = "EtecFlix.iOS", "EtecFlix\EtecFlix.iOS\EtecFlix.iOS.csproj", "{2D31F1C7-D504-432E-8BF5-886DE583B7A1}"
EndProject
Project("{FAE04EC0-301F-11D3-BF4B-00C04F79EFBC}") = "EtecFlix.UWP", "EtecFlix\EtecFlix.UWP\EtecFlix.UWP.csproj", "{9ECD748E-85EA-4DF5-A117-19A25C00F149}"
EndProject
Project("{FAE04EC0-301F-11D3-BF4B-00C04F79EFBC}") = "EtecFlix", "EtecFlix\EtecFlix\EtecFlix.csproj", "{E2B181D7-C25C-40A0-B838-4D64DC836315}"
EndProject
Global
	GlobalSection(SolutionConfigurationPlatforms) = preSolution
		Ad-Hoc|Any CPU = Ad-Hoc|Any CPU
		Ad-Hoc|ARM = Ad-Hoc|ARM
		Ad-Hoc|iPhone = Ad-Hoc|iPhone
		Ad-Hoc|iPhoneSimulator = Ad-Hoc|iPhoneSimulator
		Ad-Hoc|x64 = Ad-Hoc|x64
		Ad-Hoc|x86 = Ad-Hoc|x86
		AppStore|Any CPU = AppStore|Any CPU
		AppStore|ARM = AppStore|ARM
		AppStore|iPhone = AppStore|iPhone
		AppStore|iPhoneSimulator = AppStore|iPhoneSimulator
		AppStore|x64 = AppStore|x64
		AppStore|x86 = AppStore|x86
		Debug|Any CPU = Debug|Any CPU
		Debug|ARM = Debug|ARM
		Debug|iPhone = Debug|iPhone
		Debug|iPhoneSimulator = Debug|iPhoneSimulator
		Debug|x64 = Debug|x64
		Debug|x86 = Debug|x86
		Release|Any CPU = Release|Any CPU
		Release|ARM = Release|ARM
		Release|iPhone = Release|iPhone
		Release|iPhoneSimulator = Release|iPhoneSimulator
		Release|x64 = Release|x64
		Release|x86 = Release|x86
	EndGlobalSection
	GlobalSection(ProjectConfigurationPlatforms) = postSolution
		{50F6EA95-113A-4ECA-BB91-C0BD8DAF282E}.Ad-Hoc|Any CPU.ActiveCfg = Release|Any CPU
		{50F6EA95-113A-4ECA-BB91-C0BD8DAF282E}.Ad-Hoc|Any CPU.Build.0 = Release|Any CPU
		{50F6EA95-113A-4ECA-BB91-C0BD8DAF282E}.Ad-Hoc|Any CPU.Deploy.0 = Release|Any CPU
		{50F6EA95-113A-4ECA-BB91-C0BD8DAF282E}.Ad-Hoc|ARM.ActiveCfg = Release|Any CPU
		{50F6EA95-113A-4ECA-BB91-C0BD8DAF282E}.Ad-Hoc|ARM.Build.0 = Release|Any CPU
		{50F6EA95-113A-4ECA-BB91-C0BD8DAF282E}.Ad-Hoc|ARM.Deploy.0 = Release|Any CPU
		{50F6EA95-113A-4ECA-BB91-C0BD8DAF282E}.Ad-Hoc|iPhone.ActiveCfg = Release|Any CPU
		{50F6EA95-113A-4ECA-BB91-C0BD8DAF282E}.Ad-Hoc|iPhone.Build.0 = Release|Any CPU
		{50F6EA95-113A-4ECA-BB91-C0BD8DAF282E}.Ad-Hoc|iPhone.Deploy.0 = Release|Any CPU
		{50F6EA95-113A-4ECA-BB91-C0BD8DAF282E}.Ad-Hoc|iPhoneSimulator.ActiveCfg = Release|Any CPU
		{50F6EA95-113A-4ECA-BB91-C0BD8DAF282E}.Ad-Hoc|iPhoneSimulator.Build.0 = Release|Any CPU
		{50F6EA95-113A-4ECA-BB91-C0BD8DAF282E}.Ad-Hoc|iPhoneSimulator.Deploy.0 = Release|Any CPU
		{50F6EA95-113A-4ECA-BB91-C0BD8DAF282E}.Ad-Hoc|x64.ActiveCfg = Release|Any CPU
		{50F6EA95-113A-4ECA-BB91-C0BD8DAF282E}.Ad-Hoc|x64.Build.0 = Release|Any CPU
		{50F6EA95-113A-4ECA-BB91-C0BD8DAF282E}.Ad-Hoc|x64.Deploy.0 = Release|Any CPU
		{50F6EA95-113A-4ECA-BB91-C0BD8DAF282E}.Ad-Hoc|x86.ActiveCfg = Release|Any CPU
		{50F6EA95-113A-4ECA-BB91-C0BD8DAF282E}.Ad-Hoc|x86.Build.0 = Release|Any CPU
		{50F6EA95-113A-4ECA-BB91-C0BD8DAF282E}.Ad-Hoc|x86.Deploy.0 = Release|Any CPU
		{50F6EA95-113A-4ECA-BB91-C0BD8DAF282E}.AppStore|Any CPU.ActiveCfg = Release|Any CPU
		{50F6EA95-113A-4ECA-BB91-C0BD8DAF282E}.AppStore|Any CPU.Build.0 = Release|Any CPU
		{50F6EA95-113A-4ECA-BB91-C0BD8DAF282E}.AppStore|Any CPU.Deploy.0 = Release|Any CPU
		{50F6EA95-113A-4ECA-BB91-C0BD8DAF282E}.AppStore|ARM.ActiveCfg = Release|Any CPU
		{50F6EA95-113A-4ECA-BB91-C0BD8DAF282E}.AppStore|ARM.Build.0 = Release|Any CPU
		{50F6EA95-113A-4ECA-BB91-C0BD8DAF282E}.AppStore|ARM.Deploy.0 = Release|Any CPU
		{50F6EA95-113A-4ECA-BB91-C0BD8DAF282E}.AppStore|iPhone.ActiveCfg = Release|Any CPU
		{50F6EA95-113A-4ECA-BB91-C0BD8DAF282E}.AppStore|iPhone.Build.0 = Release|Any CPU
		{50F6EA95-113A-4ECA-BB91-C0BD8DAF282E}.AppStore|iPhone.Deploy.0 = Release|Any CPU
		{50F6EA95-113A-4ECA-BB91-C0BD8DAF282E}.AppStore|iPhoneSimulator.ActiveCfg = Release|Any CPU
		{50F6EA95-113A-4ECA-BB91-C0BD8DAF282E}.AppStore|iPhoneSimulator.Build.0 = Release|Any CPU
		{50F6EA95-113A-4ECA-BB91-C0BD8DAF282E}.AppStore|iPhoneSimulator.Deploy.0 = Release|Any CPU
		{50F6EA95-113A-4ECA-BB91-C0BD8DAF282E}.AppStore|x64.ActiveCfg = Release|Any CPU
		{50F6EA95-113A-4ECA-BB91-C0BD8DAF282E}.AppStore|x64.Build.0 = Release|Any CPU
		{50F6EA95-113A-4ECA-BB91-C0BD8DAF282E}.AppStore|x64.Deploy.0 = Release|Any CPU
		{50F6EA95-113A-4ECA-BB91-C0BD8DAF282E}.AppStore|x86.ActiveCfg = Release|Any CPU
		{50F6EA95-113A-4ECA-BB91-C0BD8DAF282E}.AppStore|x86.Build.0 = Release|Any CPU
		{50F6EA95-113A-4ECA-BB91-C0BD8DAF282E}.AppStore|x86.Deploy.0 = Release|Any CPU
		{50F6EA95-113A-4ECA-BB91-C0BD8DAF282E}.Debug|Any CPU.ActiveCfg = Debug|Any CPU
		{50F6EA95-113A-4ECA-BB91-C0BD8DAF282E}.Debug|Any CPU.Build.0 = Debug|Any CPU
		{50F6EA95-113A-4ECA-BB91-C0BD8DAF282E}.Debug|Any CPU.Deploy.0 = Debug|Any CPU
		{50F6EA95-113A-4ECA-BB91-C0BD8DAF282E}.Debug|ARM.ActiveCfg = Debug|Any CPU
		{50F6EA95-113A-4ECA-BB91-C0BD8DAF282E}.Debug|ARM.Build.0 = Debug|Any CPU
		{50F6EA95-113A-4ECA-BB91-C0BD8DAF282E}.Debug|ARM.Deploy.0 = Debug|Any CPU
		{50F6EA95-113A-4ECA-BB91-C0BD8DAF282E}.Debug|iPhone.ActiveCfg = Debug|Any CPU
		{50F6EA95-113A-4ECA-BB91-C0BD8DAF282E}.Debug|iPhone.Build.0 = Debug|Any CPU
		{50F6EA95-113A-4ECA-BB91-C0BD8DAF282E}.Debug|iPhone.Deploy.0 = Debug|Any CPU
		{50F6EA95-113A-4ECA-BB91-C0BD8DAF282E}.Debug|iPhoneSimulator.ActiveCfg = Debug|Any CPU
		{50F6EA95-113A-4ECA-BB91-C0BD8DAF282E}.Debug|iPhoneSimulator.Build.0 = Debug|Any CPU
		{50F6EA95-113A-4ECA-BB91-C0BD8DAF282E}.Debug|iPhoneSimulator.Deploy.0 = Debug|Any CPU
		{50F6EA95-113A-4ECA-BB91-C0BD8DAF282E}.Debug|x64.ActiveCfg = Debug|Any CPU
		{50F6EA95-113A-4ECA-BB91-C0BD8DAF282E}.Debug|x64.Build.0 = Debug|Any CPU
		{50F6EA95-113A-4ECA-BB91-C0BD8DAF282E}.Debug|x64.Deploy.0 = Debug|Any CPU
		{50F6EA95-113A-4ECA-BB91-C0BD8DAF282E}.Debug|x86.ActiveCfg = Debug|Any CPU
		{50F6EA95-113A-4ECA-BB91-C0BD8DAF282E}.Debug|x86.Build.0 = Debug|Any CPU
		{50F6EA95-113A-4ECA-BB91-C0BD8DAF282E}.Debug|x86.Deploy.0 = Debug|Any CPU
		{50F6EA95-113A-4ECA-BB91-C0BD8DAF282E}.Release|Any CPU.ActiveCfg = Release|Any CPU
		{50F6EA95-113A-4ECA-BB91-C0BD8DAF282E}.Release|Any CPU.Build.0 = Release|Any CPU
		{50F6EA95-113A-4ECA-BB91-C0BD8DAF282E}.Release|Any CPU.Deploy.0 = Release|Any CPU
		{50F6EA95-113A-4ECA-BB91-C0BD8DAF282E}.Release|ARM.ActiveCfg = Release|Any CPU
		{50F6EA95-113A-4ECA-BB91-C0BD8DAF282E}.Release|ARM.Build.0 = Release|Any CPU
		{50F6EA95-113A-4ECA-BB91-C0BD8DAF282E}.Release|ARM.Deploy.0 = Release|Any CPU
		{50F6EA95-113A-4ECA-BB91-C0BD8DAF282E}.Release|iPhone.ActiveCfg = Release|Any CPU
		{50F6EA95-113A-4ECA-BB91-C0BD8DAF282E}.Release|iPhone.Build.0 = Release|Any CPU
		{50F6EA95-113A-4ECA-BB91-C0BD8DAF282E}.Release|iPhone.Deploy.0 = Release|Any CPU
		{50F6EA95-113A-4ECA-BB91-C0BD8DAF282E}.Release|iPhoneSimulator.ActiveCfg = Release|Any CPU
		{50F6EA95-113A-4ECA-BB91-C0BD8DAF282E}.Release|iPhoneSimulator.Build.0 = Release|Any CPU
		{50F6EA95-113A-4ECA-BB91-C0BD8DAF282E}.Release|iPhoneSimulator.Deploy.0 = Release|Any CPU
		{50F6EA95-113A-4ECA-BB91-C0BD8DAF282E}.Release|x64.ActiveCfg = Release|Any CPU
		{50F6EA95-113A-4ECA-BB91-C0BD8DAF282E}.Release|x64.Build.0 = Release|Any CPU
		{50F6EA95-113A-4ECA-BB91-C0BD8DAF282E}.Release|x64.Deploy.0 = Release|Any CPU
		{50F6EA95-113A-4ECA-BB91-C0BD8DAF282E}.Release|x86.ActiveCfg = Release|Any CPU
		{50F6EA95-113A-4ECA-BB91-C0BD8DAF282E}.Release|x86.Build.0 = Release|Any CPU
		{50F6EA95-113A-4ECA-BB91-C0BD8DAF282E}.Release|x86.Deploy.0 = Release|Any CPU
		{2D31F1C7-D504-432E-8BF5-886DE583B7A1}.Ad-Hoc|Any CPU.ActiveCfg = Ad-Hoc|iPhone
		{2D31F1C7-D504-432E-8BF5-886DE583B7A1}.Ad-Hoc|Any CPU.Build.0 = Ad-Hoc|iPhone
		{2D31F1C7-D504-432E-8BF5-886DE583B7A1}.Ad-Hoc|Any CPU.Deploy.0 = Ad-Hoc|iPhone
		{2D31F1C7-D504-432E-8BF5-886DE583B7A1}.Ad-Hoc|ARM.ActiveCfg = Ad-Hoc|iPhone
		{2D31F1C7-D504-432E-8BF5-886DE583B7A1}.Ad-Hoc|ARM.Build.0 = Ad-Hoc|iPhone
		{2D31F1C7-D504-432E-8BF5-886DE583B7A1}.Ad-Hoc|ARM.Deploy.0 = Ad-Hoc|iPhone
		{2D31F1C7-D504-432E-8BF5-886DE583B7A1}.Ad-Hoc|iPhone.ActiveCfg = Ad-Hoc|iPhone
		{2D31F1C7-D504-432E-8BF5-886DE583B7A1}.Ad-Hoc|iPhone.Build.0 = Ad-Hoc|iPhone
		{2D31F1C7-D504-432E-8BF5-886DE583B7A1}.Ad-Hoc|iPhone.Deploy.0 = Ad-Hoc|iPhone
		{2D31F1C7-D504-432E-8BF5-886DE583B7A1}.Ad-Hoc|iPhoneSimulator.ActiveCfg = Ad-Hoc|iPhoneSimulator
		{2D31F1C7-D504-432E-8BF5-886DE583B7A1}.Ad-Hoc|iPhoneSimulator.Build.0 = Ad-Hoc|iPhoneSimulator
		{2D31F1C7-D504-432E-8BF5-886DE583B7A1}.Ad-Hoc|iPhoneSimulator.Deploy.0 = Ad-Hoc|iPhoneSimulator
		{2D31F1C7-D504-432E-8BF5-886DE583B7A1}.Ad-Hoc|x64.ActiveCfg = Ad-Hoc|iPhone
		{2D31F1C7-D504-432E-8BF5-886DE583B7A1}.Ad-Hoc|x64.Build.0 = Ad-Hoc|iPhone
		{2D31F1C7-D504-432E-8BF5-886DE583B7A1}.Ad-Hoc|x64.Deploy.0 = Ad-Hoc|iPhone
		{2D31F1C7-D504-432E-8BF5-886DE583B7A1}.Ad-Hoc|x86.ActiveCfg = Ad-Hoc|iPhone
		{2D31F1C7-D504-432E-8BF5-886DE583B7A1}.Ad-Hoc|x86.Build.0 = Ad-Hoc|iPhone
		{2D31F1C7-D504-432E-8BF5-886DE583B7A1}.Ad-Hoc|x86.Deploy.0 = Ad-Hoc|iPhone
		{2D31F1C7-D504-432E-8BF5-886DE583B7A1}.AppStore|Any CPU.ActiveCfg = AppStore|iPhone
		{2D31F1C7-D504-432E-8BF5-886DE583B7A1}.AppStore|Any CPU.Build.0 = AppStore|iPhone
		{2D31F1C7-D504-432E-8BF5-886DE583B7A1}.AppStore|Any CPU.Deploy.0 = AppStore|iPhone
		{2D31F1C7-D504-432E-8BF5-886DE583B7A1}.AppStore|ARM.ActiveCfg = AppStore|iPhone
		{2D31F1C7-D504-432E-8BF5-886DE583B7A1}.AppStore|ARM.Build.0 = AppStore|iPhone
		{2D31F1C7-D504-432E-8BF5-886DE583B7A1}.AppStore|ARM.Deploy.0 = AppStore|iPhone
		{2D31F1C7-D504-432E-8BF5-886DE583B7A1}.AppStore|iPhone.ActiveCfg = AppStore|iPhone
		{2D31F1C7-D504-432E-8BF5-886DE583B7A1}.AppStore|iPhone.Build.0 = AppStore|iPhone
		{2D31F1C7-D504-432E-8BF5-886DE583B7A1}.AppStore|iPhone.Deploy.0 = AppStore|iPhone
		{2D31F1C7-D504-432E-8BF5-886DE583B7A1}.AppStore|iPhoneSimulator.ActiveCfg = AppStore|iPhoneSimulator
		{2D31F1C7-D504-432E-8BF5-886DE583B7A1}.AppStore|iPhoneSimulator.Build.0 = AppStore|iPhoneSimulator
		{2D31F1C7-D504-432E-8BF5-886DE583B7A1}.AppStore|iPhoneSimulator.Deploy.0 = AppStore|iPhoneSimulator
		{2D31F1C7-D504-432E-8BF5-886DE583B7A1}.AppStore|x64.ActiveCfg = AppStore|iPhone
		{2D31F1C7-D504-432E-8BF5-886DE583B7A1}.AppStore|x64.Build.0 = AppStore|iPhone
		{2D31F1C7-D504-432E-8BF5-886DE583B7A1}.AppStore|x64.Deploy.0 = AppStore|iPhone
		{2D31F1C7-D504-432E-8BF5-886DE583B7A1}.AppStore|x86.ActiveCfg = AppStore|iPhone
		{2D31F1C7-D504-432E-8BF5-886DE583B7A1}.AppStore|x86.Build.0 = AppStore|iPhone
		{2D31F1C7-D504-432E-8BF5-886DE583B7A1}.AppStore|x86.Deploy.0 = AppStore|iPhone
		{2D31F1C7-D504-432E-8BF5-886DE583B7A1}.Debug|Any CPU.ActiveCfg = Debug|iPhoneSimulator
		{2D31F1C7-D504-432E-8BF5-886DE583B7A1}.Debug|Any CPU.Build.0 = Debug|iPhoneSimulator
		{2D31F1C7-D504-432E-8BF5-886DE583B7A1}.Debug|Any CPU.Deploy.0 = Debug|iPhoneSimulator
		{2D31F1C7-D504-432E-8BF5-886DE583B7A1}.Debug|ARM.ActiveCfg = Debug|iPhone
		{2D31F1C7-D504-432E-8BF5-886DE583B7A1}.Debug|ARM.Build.0 = Debug|iPhone
		{2D31F1C7-D504-432E-8BF5-886DE583B7A1}.Debug|ARM.Deploy.0 = Debug|iPhone
		{2D31F1C7-D504-432E-8BF5-886DE583B7A1}.Debug|iPhone.ActiveCfg = Debug|iPhone
		{2D31F1C7-D504-432E-8BF5-886DE583B7A1}.Debug|iPhone.Build.0 = Debug|iPhone
		{2D31F1C7-D504-432E-8BF5-886DE583B7A1}.Debug|iPhone.Deploy.0 = Debug|iPhone
		{2D31F1C7-D504-432E-8BF5-886DE583B7A1}.Debug|iPhoneSimulator.ActiveCfg = Debug|iPhoneSimulator
		{2D31F1C7-D504-432E-8BF5-886DE583B7A1}.Debug|iPhoneSimulator.Build.0 = Debug|iPhoneSimulator
		{2D31F1C7-D504-432E-8BF5-886DE583B7A1}.Debug|iPhoneSimulator.Deploy.0 = Debug|iPhoneSimulator
		{2D31F1C7-D504-432E-8BF5-886DE583B7A1}.Debug|x64.ActiveCfg = Debug|iPhone
		{2D31F1C7-D504-432E-8BF5-886DE583B7A1}.Debug|x64.Build.0 = Debug|iPhone
		{2D31F1C7-D504-432E-8BF5-886DE583B7A1}.Debug|x64.Deploy.0 = Debug|iPhone
		{2D31F1C7-D504-432E-8BF5-886DE583B7A1}.Debug|x86.ActiveCfg = Debug|iPhone
		{2D31F1C7-D504-432E-8BF5-886DE583B7A1}.Debug|x86.Build.0 = Debug|iPhone
		{2D31F1C7-D504-432E-8BF5-886DE583B7A1}.Debug|x86.Deploy.0 = Debug|iPhone
		{2D31F1C7-D504-432E-8BF5-886DE583B7A1}.Release|Any CPU.ActiveCfg = Release|iPhone
		{2D31F1C7-D504-432E-8BF5-886DE583B7A1}.Release|Any CPU.Build.0 = Release|iPhone
		{2D31F1C7-D504-432E-8BF5-886DE583B7A1}.Release|Any CPU.Deploy.0 = Release|iPhone
		{2D31F1C7-D504-432E-8BF5-886DE583B7A1}.Release|ARM.ActiveCfg = Release|iPhone
		{2D31F1C7-D504-432E-8BF5-886DE583B7A1}.Release|ARM.Build.0 = Release|iPhone
		{2D31F1C7-D504-432E-8BF5-886DE583B7A1}.Release|ARM.Deploy.0 = Release|iPhone
		{2D31F1C7-D504-432E-8BF5-886DE583B7A1}.Release|iPhone.ActiveCfg = Release|iPhone
		{2D31F1C7-D504-432E-8BF5-886DE583B7A1}.Release|iPhone.Build.0 = Release|iPhone
		{2D31F1C7-D504-432E-8BF5-886DE583B7A1}.Release|iPhone.Deploy.0 = Release|iPhone
		{2D31F1C7-D504-432E-8BF5-886DE583B7A1}.Release|iPhoneSimulator.ActiveCfg = Release|iPhoneSimulator
		{2D31F1C7-D504-432E-8BF5-886DE583B7A1}.Release|iPhoneSimulator.Build.0 = Release|iPhoneSimulator
		{2D31F1C7-D504-432E-8BF5-886DE583B7A1}.Release|iPhoneSimulator.Deploy.0 = Release|iPhoneSimulator
		{2D31F1C7-D504-432E-8BF5-886DE583B7A1}.Release|x64.ActiveCfg = Release|iPhone
		{2D31F1C7-D504-432E-8BF5-886DE583B7A1}.Release|x64.Build.0 = Release|iPhone
		{2D31F1C7-D504-432E-8BF5-886DE583B7A1}.Release|x64.Deploy.0 = Release|iPhone
		{2D31F1C7-D504-432E-8BF5-886DE583B7A1}.Release|x86.ActiveCfg = Release|iPhone
		{2D31F1C7-D504-432E-8BF5-886DE583B7A1}.Release|x86.Build.0 = Release|iPhone
		{2D31F1C7-D504-432E-8BF5-886DE583B7A1}.Release|x86.Deploy.0 = Release|iPhone
		{9ECD748E-85EA-4DF5-A117-19A25C00F149}.Ad-Hoc|Any CPU.ActiveCfg = Release|x86
		{9ECD748E-85EA-4DF5-A117-19A25C00F149}.Ad-Hoc|Any CPU.Build.0 = Release|x86
		{9ECD748E-85EA-4DF5-A117-19A25C00F149}.Ad-Hoc|Any CPU.Deploy.0 = Release|x86
		{9ECD748E-85EA-4DF5-A117-19A25C00F149}.Ad-Hoc|ARM.ActiveCfg = Release|ARM
		{9ECD748E-85EA-4DF5-A117-19A25C00F149}.Ad-Hoc|ARM.Build.0 = Release|ARM
		{9ECD748E-85EA-4DF5-A117-19A25C00F149}.Ad-Hoc|ARM.Deploy.0 = Release|ARM
		{9ECD748E-85EA-4DF5-A117-19A25C00F149}.Ad-Hoc|iPhone.ActiveCfg = Release|x86
		{9ECD748E-85EA-4DF5-A117-19A25C00F149}.Ad-Hoc|iPhone.Build.0 = Release|x86
		{9ECD748E-85EA-4DF5-A117-19A25C00F149}.Ad-Hoc|iPhone.Deploy.0 = Release|x86
		{9ECD748E-85EA-4DF5-A117-19A25C00F149}.Ad-Hoc|iPhoneSimulator.ActiveCfg = Release|x86
		{9ECD748E-85EA-4DF5-A117-19A25C00F149}.Ad-Hoc|iPhoneSimulator.Build.0 = Release|x86
		{9ECD748E-85EA-4DF5-A117-19A25C00F149}.Ad-Hoc|iPhoneSimulator.Deploy.0 = Release|x86
		{9ECD748E-85EA-4DF5-A117-19A25C00F149}.Ad-Hoc|x64.ActiveCfg = Release|x64
		{9ECD748E-85EA-4DF5-A117-19A25C00F149}.Ad-Hoc|x64.Build.0 = Release|x64
		{9ECD748E-85EA-4DF5-A117-19A25C00F149}.Ad-Hoc|x64.Deploy.0 = Release|x64
		{9ECD748E-85EA-4DF5-A117-19A25C00F149}.Ad-Hoc|x86.ActiveCfg = Release|x86
		{9ECD748E-85EA-4DF5-A117-19A25C00F149}.Ad-Hoc|x86.Build.0 = Release|x86
		{9ECD748E-85EA-4DF5-A117-19A25C00F149}.Ad-Hoc|x86.Deploy.0 = Release|x86
		{9ECD748E-85EA-4DF5-A117-19A25C00F149}.AppStore|Any CPU.ActiveCfg = Release|x86
		{9ECD748E-85EA-4DF5-A117-19A25C00F149}.AppStore|Any CPU.Build.0 = Release|x86
		{9ECD748E-85EA-4DF5-A117-19A25C00F149}.AppStore|Any CPU.Deploy.0 = Release|x86
		{9ECD748E-85EA-4DF5-A117-19A25C00F149}.AppStore|ARM.ActiveCfg = Release|ARM
		{9ECD748E-85EA-4DF5-A117-19A25C00F149}.AppStore|ARM.Build.0 = Release|ARM
		{9ECD748E-85EA-4DF5-A117-19A25C00F149}.AppStore|ARM.Deploy.0 = Release|ARM
		{9ECD748E-85EA-4DF5-A117-19A25C00F149}.AppStore|iPhone.ActiveCfg = Release|x86
		{9ECD748E-85EA-4DF5-A117-19A25C00F149}.AppStore|iPhone.Build.0 = Release|x86
		{9ECD748E-85EA-4DF5-A117-19A25C00F149}.AppStore|iPhone.Deploy.0 = Release|x86
		{9ECD748E-85EA-4DF5-A117-19A25C00F149}.AppStore|iPhoneSimulator.ActiveCfg = Release|x86
		{9ECD748E-85EA-4DF5-A117-19A25C00F149}.AppStore|iPhoneSimulator.Build.0 = Release|x86
		{9ECD748E-85EA-4DF5-A117-19A25C00F149}.AppStore|iPhoneSimulator.Deploy.0 = Release|x86
		{9ECD748E-85EA-4DF5-A117-19A25C00F149}.AppStore|x64.ActiveCfg = Release|x64
		{9ECD748E-85EA-4DF5-A117-19A25C00F149}.AppStore|x64.Build.0 = Release|x64
		{9ECD748E-85EA-4DF5-A117-19A25C00F149}.AppStore|x64.Deploy.0 = Release|x64
		{9ECD748E-85EA-4DF5-A117-19A25C00F149}.AppStore|x86.ActiveCfg = Release|x86
		{9ECD748E-85EA-4DF5-A117-19A25C00F149}.AppStore|x86.Build.0 = Release|x86
		{9ECD748E-85EA-4DF5-A117-19A25C00F149}.AppStore|x86.Deploy.0 = Release|x86
		{9ECD748E-85EA-4DF5-A117-19A25C00F149}.Debug|Any CPU.ActiveCfg = Debug|x86
		{9ECD748E-85EA-4DF5-A117-19A25C00F149}.Debug|Any CPU.Build.0 = Debug|x86
		{9ECD748E-85EA-4DF5-A117-19A25C00F149}.Debug|Any CPU.Deploy.0 = Debug|x86
		{9ECD748E-85EA-4DF5-A117-19A25C00F149}.Debug|ARM.ActiveCfg = Debug|ARM
		{9ECD748E-85EA-4DF5-A117-19A25C00F149}.Debug|ARM.Build.0 = Debug|ARM
		{9ECD748E-85EA-4DF5-A117-19A25C00F149}.Debug|ARM.Deploy.0 = Debug|ARM
		{9ECD748E-85EA-4DF5-A117-19A25C00F149}.Debug|iPhone.ActiveCfg = Debug|x86
		{9ECD748E-85EA-4DF5-A117-19A25C00F149}.Debug|iPhone.Build.0 = Debug|x86
		{9ECD748E-85EA-4DF5-A117-19A25C00F149}.Debug|iPhone.Deploy.0 = Debug|x86
		{9ECD748E-85EA-4DF5-A117-19A25C00F149}.Debug|iPhoneSimulator.ActiveCfg = Debug|x86
		{9ECD748E-85EA-4DF5-A117-19A25C00F149}.Debug|iPhoneSimulator.Build.0 = Debug|x86
		{9ECD748E-85EA-4DF5-A117-19A25C00F149}.Debug|iPhoneSimulator.Deploy.0 = Debug|x86
		{9ECD748E-85EA-4DF5-A117-19A25C00F149}.Debug|x64.ActiveCfg = Debug|x64
		{9ECD748E-85EA-4DF5-A117-19A25C00F149}.Debug|x64.Build.0 = Debug|x64
		{9ECD748E-85EA-4DF5-A117-19A25C00F149}.Debug|x64.Deploy.0 = Debug|x64
		{9ECD748E-85EA-4DF5-A117-19A25C00F149}.Debug|x86.ActiveCfg = Debug|x86
		{9ECD748E-85EA-4DF5-A117-19A25C00F149}.Debug|x86.Build.0 = Debug|x86
		{9ECD748E-85EA-4DF5-A117-19A25C00F149}.Debug|x86.Deploy.0 = Debug|x86
		{9ECD748E-85EA-4DF5-A117-19A25C00F149}.Release|Any CPU.ActiveCfg = Release|x86
		{9ECD748E-85EA-4DF5-A117-19A25C00F149}.Release|Any CPU.Build.0 = Release|x86
		{9ECD748E-85EA-4DF5-A117-19A25C00F149}.Release|Any CPU.Deploy.0 = Release|x86
		{9ECD748E-85EA-4DF5-A117-19A25C00F149}.Release|ARM.ActiveCfg = Release|ARM
		{9ECD748E-85EA-4DF5-A117-19A25C00F149}.Release|ARM.Build.0 = Release|ARM
		{9ECD748E-85EA-4DF5-A117-19A25C00F149}.Release|ARM.Deploy.0 = Release|ARM
		{9ECD748E-85EA-4DF5-A117-19A25C00F149}.Release|iPhone.ActiveCfg = Release|x86
		{9ECD748E-85EA-4DF5-A117-19A25C00F149}.Release|iPhone.Build.0 = Release|x86
		{9ECD748E-85EA-4DF5-A117-19A25C00F149}.Release|iPhone.Deploy.0 = Release|x86
		{9ECD748E-85EA-4DF5-A117-19A25C00F149}.Release|iPhoneSimulator.ActiveCfg = Release|x86
		{9ECD748E-85EA-4DF5-A117-19A25C00F149}.Release|iPhoneSimulator.Build.0 = Release|x86
		{9ECD748E-85EA-4DF5-A117-19A25C00F149}.Release|iPhoneSimulator.Deploy.0 = Release|x86
		{9ECD748E-85EA-4DF5-A117-19A25C00F149}.Release|x64.ActiveCfg = Release|x64
		{9ECD748E-85EA-4DF5-A117-19A25C00F149}.Release|x64.Build.0 = Release|x64
		{9ECD748E-85EA-4DF5-A117-19A25C00F149}.Release|x64.Deploy.0 = Release|x64
		{9ECD748E-85EA-4DF5-A117-19A25C00F149}.Release|x86.ActiveCfg = Release|x86
		{9ECD748E-85EA-4DF5-A117-19A25C00F149}.Release|x86.Build.0 = Release|x86
		{9ECD748E-85EA-4DF5-A117-19A25C00F149}.Release|x86.Deploy.0 = Release|x86
		{E2B181D7-C25C-40A0-B838-4D64DC836315}.Ad-Hoc|Any CPU.ActiveCfg = Debug|Any CPU
		{E2B181D7-C25C-40A0-B838-4D64DC836315}.Ad-Hoc|Any CPU.Build.0 = Debug|Any CPU
		{E2B181D7-C25C-40A0-B838-4D64DC836315}.Ad-Hoc|Any CPU.Deploy.0 = Debug|Any CPU
		{E2B181D7-C25C-40A0-B838-4D64DC836315}.Ad-Hoc|ARM.ActiveCfg = Debug|Any CPU
		{E2B181D7-C25C-40A0-B838-4D64DC836315}.Ad-Hoc|ARM.Build.0 = Debug|Any CPU
		{E2B181D7-C25C-40A0-B838-4D64DC836315}.Ad-Hoc|ARM.Deploy.0 = Debug|Any CPU
		{E2B181D7-C25C-40A0-B838-4D64DC836315}.Ad-Hoc|iPhone.ActiveCfg = Debug|Any CPU
		{E2B181D7-C25C-40A0-B838-4D64DC836315}.Ad-Hoc|iPhone.Build.0 = Debug|Any CPU
		{E2B181D7-C25C-40A0-B838-4D64DC836315}.Ad-Hoc|iPhone.Deploy.0 = Debug|Any CPU
		{E2B181D7-C25C-40A0-B838-4D64DC836315}.Ad-Hoc|iPhoneSimulator.ActiveCfg = Debug|Any CPU
		{E2B181D7-C25C-40A0-B838-4D64DC836315}.Ad-Hoc|iPhoneSimulator.Build.0 = Debug|Any CPU
		{E2B181D7-C25C-40A0-B838-4D64DC836315}.Ad-Hoc|iPhoneSimulator.Deploy.0 = Debug|Any CPU
		{E2B181D7-C25C-40A0-B838-4D64DC836315}.Ad-Hoc|x64.ActiveCfg = Debug|Any CPU
		{E2B181D7-C25C-40A0-B838-4D64DC836315}.Ad-Hoc|x64.Build.0 = Debug|Any CPU
		{E2B181D7-C25C-40A0-B838-4D64DC836315}.Ad-Hoc|x64.Deploy.0 = Debug|Any CPU
		{E2B181D7-C25C-40A0-B838-4D64DC836315}.Ad-Hoc|x86.ActiveCfg = Debug|Any CPU
		{E2B181D7-C25C-40A0-B838-4D64DC836315}.Ad-Hoc|x86.Build.0 = Debug|Any CPU
		{E2B181D7-C25C-40A0-B838-4D64DC836315}.Ad-Hoc|x86.Deploy.0 = Debug|Any CPU
		{E2B181D7-C25C-40A0-B838-4D64DC836315}.AppStore|Any CPU.ActiveCfg = Debug|Any CPU
		{E2B181D7-C25C-40A0-B838-4D64DC836315}.AppStore|Any CPU.Build.0 = Debug|Any CPU
		{E2B181D7-C25C-40A0-B838-4D64DC836315}.AppStore|Any CPU.Deploy.0 = Debug|Any CPU
		{E2B181D7-C25C-40A0-B838-4D64DC836315}.AppStore|ARM.ActiveCfg = Debug|Any CPU
		{E2B181D7-C25C-40A0-B838-4D64DC836315}.AppStore|ARM.Build.0 = Debug|Any CPU
		{E2B181D7-C25C-40A0-B838-4D64DC836315}.AppStore|ARM.Deploy.0 = Debug|Any CPU
		{E2B181D7-C25C-40A0-B838-4D64DC836315}.AppStore|iPhone.ActiveCfg = Debug|Any CPU
		{E2B181D7-C25C-40A0-B838-4D64DC836315}.AppStore|iPhone.Build.0 = Debug|Any CPU
		{E2B181D7-C25C-40A0-B838-4D64DC836315}.AppStore|iPhone.Deploy.0 = Debug|Any CPU
		{E2B181D7-C25C-40A0-B838-4D64DC836315}.AppStore|iPhoneSimulator.ActiveCfg = Debug|Any CPU
		{E2B181D7-C25C-40A0-B838-4D64DC836315}.AppStore|iPhoneSimulator.Build.0 = Debug|Any CPU
		{E2B181D7-C25C-40A0-B838-4D64DC836315}.AppStore|iPhoneSimulator.Deploy.0 = Debug|Any CPU
		{E2B181D7-C25C-40A0-B838-4D64DC836315}.AppStore|x64.ActiveCfg = Debug|Any CPU
		{E2B181D7-C25C-40A0-B838-4D64DC836315}.AppStore|x64.Build.0 = Debug|Any CPU
		{E2B181D7-C25C-40A0-B838-4D64DC836315}.AppStore|x64.Deploy.0 = Debug|Any CPU
		{E2B181D7-C25C-40A0-B838-4D64DC836315}.AppStore|x86.ActiveCfg = Debug|Any CPU
		{E2B181D7-C25C-40A0-B838-4D64DC836315}.AppStore|x86.Build.0 = Debug|Any CPU
		{E2B181D7-C25C-40A0-B838-4D64DC836315}.AppStore|x86.Deploy.0 = Debug|Any CPU
		{E2B181D7-C25C-40A0-B838-4D64DC836315}.Debug|Any CPU.ActiveCfg = Debug|Any CPU
		{E2B181D7-C25C-40A0-B838-4D64DC836315}.Debug|Any CPU.Build.0 = Debug|Any CPU
		{E2B181D7-C25C-40A0-B838-4D64DC836315}.Debug|Any CPU.Deploy.0 = Debug|Any CPU
		{E2B181D7-C25C-40A0-B838-4D64DC836315}.Debug|ARM.ActiveCfg = Debug|Any CPU
		{E2B181D7-C25C-40A0-B838-4D64DC836315}.Debug|ARM.Build.0 = Debug|Any CPU
		{E2B181D7-C25C-40A0-B838-4D64DC836315}.Debug|ARM.Deploy.0 = Debug|Any CPU
		{E2B181D7-C25C-40A0-B838-4D64DC836315}.Debug|iPhone.ActiveCfg = Debug|Any CPU
		{E2B181D7-C25C-40A0-B838-4D64DC836315}.Debug|iPhone.Build.0 = Debug|Any CPU
		{E2B181D7-C25C-40A0-B838-4D64DC836315}.Debug|iPhone.Deploy.0 = Debug|Any CPU
		{E2B181D7-C25C-40A0-B838-4D64DC836315}.Debug|iPhoneSimulator.ActiveCfg = Debug|Any CPU
		{E2B181D7-C25C-40A0-B838-4D64DC836315}.Debug|iPhoneSimulator.Build.0 = Debug|Any CPU
		{E2B181D7-C25C-40A0-B838-4D64DC836315}.Debug|iPhoneSimulator.Deploy.0 = Debug|Any CPU
		{E2B181D7-C25C-40A0-B838-4D64DC836315}.Debug|x64.ActiveCfg = Debug|Any CPU
		{E2B181D7-C25C-40A0-B838-4D64DC836315}.Debug|x64.Build.0 = Debug|Any CPU
		{E2B181D7-C25C-40A0-B838-4D64DC836315}.Debug|x64.Deploy.0 = Debug|Any CPU
		{E2B181D7-C25C-40A0-B838-4D64DC836315}.Debug|x86.ActiveCfg = Debug|Any CPU
		{E2B181D7-C25C-40A0-B838-4D64DC836315}.Debug|x86.Build.0 = Debug|Any CPU
		{E2B181D7-C25C-40A0-B838-4D64DC836315}.Debug|x86.Deploy.0 = Debug|Any CPU
		{E2B181D7-C25C-40A0-B838-4D64DC836315}.Release|Any CPU.ActiveCfg = Release|Any CPU
		{E2B181D7-C25C-40A0-B838-4D64DC836315}.Release|Any CPU.Build.0 = Release|Any CPU
		{E2B181D7-C25C-40A0-B838-4D64DC836315}.Release|Any CPU.Deploy.0 = Release|Any CPU
		{E2B181D7-C25C-40A0-B838-4D64DC836315}.Release|ARM.ActiveCfg = Release|Any CPU
		{E2B181D7-C25C-40A0-B838-4D64DC836315}.Release|ARM.Build.0 = Release|Any CPU
		{E2B181D7-C25C-40A0-B838-4D64DC836315}.Release|ARM.Deploy.0 = Release|Any CPU
		{E2B181D7-C25C-40A0-B838-4D64DC836315}.Release|iPhone.ActiveCfg = Release|Any CPU
		{E2B181D7-C25C-40A0-B838-4D64DC836315}.Release|iPhone.Build.0 = Release|Any CPU
		{E2B181D7-C25C-40A0-B838-4D64DC836315}.Release|iPhone.Deploy.0 = Release|Any CPU
		{E2B181D7-C25C-40A0-B838-4D64DC836315}.Release|iPhoneSimulator.ActiveCfg = Release|Any CPU
		{E2B181D7-C25C-40A0-B838-4D64DC836315}.Release|iPhoneSimulator.Build.0 = Release|Any CPU
		{E2B181D7-C25C-40A0-B838-4D64DC836315}.Release|iPhoneSimulator.Deploy.0 = Release|Any CPU
		{E2B181D7-C25C-40A0-B838-4D64DC836315}.Release|x64.ActiveCfg = Release|Any CPU
		{E2B181D7-C25C-40A0-B838-4D64DC836315}.Release|x64.Build.0 = Release|Any CPU
		{E2B181D7-C25C-40A0-B838-4D64DC836315}.Release|x64.Deploy.0 = Release|Any CPU
		{E2B181D7-C25C-40A0-B838-4D64DC836315}.Release|x86.ActiveCfg = Release|Any CPU
		{E2B181D7-C25C-40A0-B838-4D64DC836315}.Release|x86.Build.0 = Release|Any CPU
		{E2B181D7-C25C-40A0-B838-4D64DC836315}.Release|x86.Deploy.0 = Release|Any CPU
	EndGlobalSection
	GlobalSection(SolutionProperties) = preSolution
		HideSolutionNode = FALSE
	EndGlobalSection
	GlobalSection(ExtensibilityGlobals) = postSolution
		SolutionGuid = {6CCE21A7-F776-47D8-9C05-E2DAAA6BA843}
	EndGlobalSection
EndGlobal
